
Microsoft Visual Studio Solution File, Format Version 12.00
# Visual Studio Version 16
VisualStudioVersion = 16.0.29521.150
MinimumVisualStudioVersion = 10.0.40219.1
Project("{FAE04EC0-301F-11D3-BF4B-00C04F79EFBC}") = "PickedImagesSorter", "PickedImagesSorter\PickedImagesSorter.csproj", "{B460E460-BF14-4351-846A-DE8F1FA09480}"
EndProject
Project("{FAE04EC0-301F-11D3-BF4B-00C04F79EFBC}") = "CountFilesInFolder", "CountFilesInFolder\CountFilesInFolder.csproj", "{142BE4F6-759B-4400-A883-7B9402849464}"
EndProject
Project("{FAE04EC0-301F-11D3-BF4B-00C04F79EFBC}") = "Common", "Common\Common.csproj", "{4A4ABE6B-485D-4CFE-A7E3-E4B51EF6798C}"
EndProject
Global
	GlobalSection(SolutionConfigurationPlatforms) = preSolution
		Debug|Any CPU = Debug|Any CPU
		Release|Any CPU = Release|Any CPU
	EndGlobalSection
	GlobalSection(ProjectConfigurationPlatforms) = postSolution
		{B460E460-BF14-4351-846A-DE8F1FA09480}.Debug|Any CPU.ActiveCfg = Debug|Any CPU
		{B460E460-BF14-4351-846A-DE8F1FA09480}.Debug|Any CPU.Build.0 = Debug|Any CPU
		{B460E460-BF14-4351-846A-DE8F1FA09480}.Release|Any CPU.ActiveCfg = Release|Any CPU
		{B460E460-BF14-4351-846A-DE8F1FA09480}.Release|Any CPU.Build.0 = Release|Any CPU
		{142BE4F6-759B-4400-A883-7B9402849464}.Debug|Any CPU.ActiveCfg = Debug|Any CPU
		{142BE4F6-759B-4400-A883-7B9402849464}.Debug|Any CPU.Build.0 = Debug|Any CPU
		{142BE4F6-759B-4400-A883-7B9402849464}.Release|Any CPU.ActiveCfg = Release|Any CPU
		{142BE4F6-759B-4400-A883-7B9402849464}.Release|Any CPU.Build.0 = Release|Any CPU
		{4A4ABE6B-485D-4CFE-A7E3-E4B51EF6798C}.Debug|Any CPU.ActiveCfg = Debug|Any CPU
		{4A4ABE6B-485D-4CFE-A7E3-E4B51EF6798C}.Debug|Any CPU.Build.0 = Debug|Any CPU
		{4A4ABE6B-485D-4CFE-A7E3-E4B51EF6798C}.Release|Any CPU.ActiveCfg = Release|Any CPU
		{4A4ABE6B-485D-4CFE-A7E3-E4B51EF6798C}.Release|Any CPU.Build.0 = Release|Any CPU
	EndGlobalSection
	GlobalSection(SolutionProperties) = preSolution
		HideSolutionNode = FALSE
	EndGlobalSection
	GlobalSection(ExtensibilityGlobals) = postSolution
		SolutionGuid = {BFD8F5A6-DCE5-4948-9CB1-8A2A4337E643}
	EndGlobalSection
EndGlobal
